
Microsoft Visual Studio Solution File, Format Version 12.00
# Visual Studio 15
VisualStudioVersion = 15.0.27004.2009
MinimumVisualStudioVersion = 10.0.40219.1
Project("{FAE04EC0-301F-11D3-BF4B-00C04F79EFBC}") = "LiveJourney", "LiveJourney\LiveJourney.csproj", "{EB05C704-DFFB-450B-8A4F-DA6CB4937DE5}"
EndProject
Project("{FAE04EC0-301F-11D3-BF4B-00C04F79EFBC}") = "DataAccess", "DataAccess\DataAccess.csproj", "{3A880647-881E-4865-88C1-30B5137FD3D8}"
EndProject
Project("{FAE04EC0-301F-11D3-BF4B-00C04F79EFBC}") = "Infrastructure", "Infrastructure\Infrastructure.csproj", "{38386ED1-2525-4D5A-A6FE-18E8B3184903}"
EndProject
Global
	GlobalSection(SolutionConfigurationPlatforms) = preSolution
		Debug|Any CPU = Debug|Any CPU
		Release|Any CPU = Release|Any CPU
	EndGlobalSection
	GlobalSection(ProjectConfigurationPlatforms) = postSolution
		{EB05C704-DFFB-450B-8A4F-DA6CB4937DE5}.Debug|Any CPU.ActiveCfg = Debug|Any CPU
		{EB05C704-DFFB-450B-8A4F-DA6CB4937DE5}.Debug|Any CPU.Build.0 = Debug|Any CPU
		{EB05C704-DFFB-450B-8A4F-DA6CB4937DE5}.Release|Any CPU.ActiveCfg = Release|Any CPU
		{EB05C704-DFFB-450B-8A4F-DA6CB4937DE5}.Release|Any CPU.Build.0 = Release|Any CPU
		{3A880647-881E-4865-88C1-30B5137FD3D8}.Debug|Any CPU.ActiveCfg = Debug|Any CPU
		{3A880647-881E-4865-88C1-30B5137FD3D8}.Debug|Any CPU.Build.0 = Debug|Any CPU
		{3A880647-881E-4865-88C1-30B5137FD3D8}.Release|Any CPU.ActiveCfg = Release|Any CPU
		{3A880647-881E-4865-88C1-30B5137FD3D8}.Release|Any CPU.Build.0 = Release|Any CPU
		{38386ED1-2525-4D5A-A6FE-18E8B3184903}.Debug|Any CPU.ActiveCfg = Debug|Any CPU
		{38386ED1-2525-4D5A-A6FE-18E8B3184903}.Debug|Any CPU.Build.0 = Debug|Any CPU
		{38386ED1-2525-4D5A-A6FE-18E8B3184903}.Release|Any CPU.ActiveCfg = Release|Any CPU
		{38386ED1-2525-4D5A-A6FE-18E8B3184903}.Release|Any CPU.Build.0 = Release|Any CPU
	EndGlobalSection
	GlobalSection(SolutionProperties) = preSolution
		HideSolutionNode = FALSE
	EndGlobalSection
	GlobalSection(ExtensibilityGlobals) = postSolution
		SolutionGuid = {97DDF190-CB51-4C69-8EB1-0E5D5D7C1A61}
	EndGlobalSection
EndGlobal
